
Microsoft Visual Studio Solution File, Format Version 12.00
# Visual Studio 15
VisualStudioVersion = 15.0.28010.2036
MinimumVisualStudioVersion = 10.0.40219.1
Project("{8BC9CEB8-8B4A-11D0-8D11-00A0C91BC942}") = "Metaprogramming for Mathematics", "Metaprogramming for Mathematics\Metaprogramming for Mathematics.vcxproj", "{17AE5171-2F77-401B-895D-23BABEA3F9ED}"
EndProject
Global
	GlobalSection(SolutionConfigurationPlatforms) = preSolution
		Debug|x64 = Debug|x64
		Debug|x86 = Debug|x86
		Release|x64 = Release|x64
		Release|x86 = Release|x86
	EndGlobalSection
	GlobalSection(ProjectConfigurationPlatforms) = postSolution
		{17AE5171-2F77-401B-895D-23BABEA3F9ED}.Debug|x64.ActiveCfg = Debug|x64
		{17AE5171-2F77-401B-895D-23BABEA3F9ED}.Debug|x64.Build.0 = Debug|x64
		{17AE5171-2F77-401B-895D-23BABEA3F9ED}.Debug|x86.ActiveCfg = Debug|Win32
		{17AE5171-2F77-401B-895D-23BABEA3F9ED}.Debug|x86.Build.0 = Debug|Win32
		{17AE5171-2F77-401B-895D-23BABEA3F9ED}.Release|x64.ActiveCfg = Release|x64
		{17AE5171-2F77-401B-895D-23BABEA3F9ED}.Release|x64.Build.0 = Release|x64
		{17AE5171-2F77-401B-895D-23BABEA3F9ED}.Release|x86.ActiveCfg = Release|Win32
		{17AE5171-2F77-401B-895D-23BABEA3F9ED}.Release|x86.Build.0 = Release|Win32
	EndGlobalSection
	GlobalSection(SolutionProperties) = preSolution
		HideSolutionNode = FALSE
	EndGlobalSection
	GlobalSection(ExtensibilityGlobals) = postSolution
		SolutionGuid = {78584DFB-2B66-42F6-86FA-654A658D66CF}
	EndGlobalSection
EndGlobal
